
Microsoft Visual Studio Solution File, Format Version 12.00
# Visual Studio Version 16
VisualStudioVersion = 16.0.29215.179
MinimumVisualStudioVersion = 10.0.40219.1
Project("{F184B08F-C81C-45F6-A57F-5ABD9991F28F}") = "SimpleCalculator", "SimpleCalculator.vbproj", "{A867FE06-CC16-4088-95CA-F4B0C1F9CCA4}"
EndProject
Global
	GlobalSection(SolutionConfigurationPlatforms) = preSolution
		Debug|Any CPU = Debug|Any CPU
		Release|Any CPU = Release|Any CPU
	EndGlobalSection
	GlobalSection(ProjectConfigurationPlatforms) = postSolution
		{A867FE06-CC16-4088-95CA-F4B0C1F9CCA4}.Debug|Any CPU.ActiveCfg = Debug|Any CPU
		{A867FE06-CC16-4088-95CA-F4B0C1F9CCA4}.Debug|Any CPU.Build.0 = Debug|Any CPU
		{A867FE06-CC16-4088-95CA-F4B0C1F9CCA4}.Release|Any CPU.ActiveCfg = Release|Any CPU
		{A867FE06-CC16-4088-95CA-F4B0C1F9CCA4}.Release|Any CPU.Build.0 = Release|Any CPU
	EndGlobalSection
	GlobalSection(SolutionProperties) = preSolution
		HideSolutionNode = FALSE
	EndGlobalSection
	GlobalSection(ExtensibilityGlobals) = postSolution
		SolutionGuid = {BBEE3E78-61F4-4012-A398-B2F197E9C99E}
	EndGlobalSection
EndGlobal
