
Microsoft Visual Studio Solution File, Format Version 12.00
# Visual Studio Version 16
VisualStudioVersion = 16.0.29215.179
MinimumVisualStudioVersion = 10.0.40219.1
Project("{F184B08F-C81C-45F6-A57F-5ABD9991F28F}") = "MathExamples-1-15-20", "MathExamples-1-15-20.vbproj", "{C72F3BAB-DAAF-4D63-9B55-475D501BF2D4}"
EndProject
Global
	GlobalSection(SolutionConfigurationPlatforms) = preSolution
		Debug|Any CPU = Debug|Any CPU
		Release|Any CPU = Release|Any CPU
	EndGlobalSection
	GlobalSection(ProjectConfigurationPlatforms) = postSolution
		{C72F3BAB-DAAF-4D63-9B55-475D501BF2D4}.Debug|Any CPU.ActiveCfg = Debug|Any CPU
		{C72F3BAB-DAAF-4D63-9B55-475D501BF2D4}.Debug|Any CPU.Build.0 = Debug|Any CPU
		{C72F3BAB-DAAF-4D63-9B55-475D501BF2D4}.Release|Any CPU.ActiveCfg = Release|Any CPU
		{C72F3BAB-DAAF-4D63-9B55-475D501BF2D4}.Release|Any CPU.Build.0 = Release|Any CPU
	EndGlobalSection
	GlobalSection(SolutionProperties) = preSolution
		HideSolutionNode = FALSE
	EndGlobalSection
	GlobalSection(ExtensibilityGlobals) = postSolution
		SolutionGuid = {E88E89A3-C972-4EEC-8905-058D56F0A602}
	EndGlobalSection
EndGlobal
